
Microsoft Visual Studio Solution File, Format Version 12.00
# Visual Studio Version 16
VisualStudioVersion = 16.0.29926.136
MinimumVisualStudioVersion = 10.0.40219.1
Project("{FAE04EC0-301F-11D3-BF4B-00C04F79EFBC}") = "TestAutomationFramework", "TestAutomationFramework\TestAutomationFramework.csproj", "{76EA67CC-179A-496B-922E-20182D9F94F8}"
EndProject
Global
	GlobalSection(SolutionConfigurationPlatforms) = preSolution
		Debug|Any CPU = Debug|Any CPU
		Release|Any CPU = Release|Any CPU
	EndGlobalSection
	GlobalSection(ProjectConfigurationPlatforms) = postSolution
		{76EA67CC-179A-496B-922E-20182D9F94F8}.Debug|Any CPU.ActiveCfg = Debug|Any CPU
		{76EA67CC-179A-496B-922E-20182D9F94F8}.Debug|Any CPU.Build.0 = Debug|Any CPU
		{76EA67CC-179A-496B-922E-20182D9F94F8}.Release|Any CPU.ActiveCfg = Release|Any CPU
		{76EA67CC-179A-496B-922E-20182D9F94F8}.Release|Any CPU.Build.0 = Release|Any CPU
	EndGlobalSection
	GlobalSection(SolutionProperties) = preSolution
		HideSolutionNode = FALSE
	EndGlobalSection
	GlobalSection(ExtensibilityGlobals) = postSolution
		SolutionGuid = {8197D153-5D8E-4F41-B05D-77538C1EFF90}
	EndGlobalSection
EndGlobal
